
Microsoft Visual Studio Solution File, Format Version 12.00
# Visual Studio Version 17
VisualStudioVersion = 17.6.33829.357
MinimumVisualStudioVersion = 10.0.40219.1
Project("{9A19103F-16F7-4668-BE54-9A1E7A4F7556}") = "Console_Rosary", "Console_Rosary.csproj", "{2FB22AFB-50B6-462C-9973-D2E8E78AA82D}"
EndProject
Global
	GlobalSection(SolutionConfigurationPlatforms) = preSolution
		Debug|Any CPU = Debug|Any CPU
		Release|Any CPU = Release|Any CPU
	EndGlobalSection
	GlobalSection(ProjectConfigurationPlatforms) = postSolution
		{2FB22AFB-50B6-462C-9973-D2E8E78AA82D}.Debug|Any CPU.ActiveCfg = Debug|Any CPU
		{2FB22AFB-50B6-462C-9973-D2E8E78AA82D}.Debug|Any CPU.Build.0 = Debug|Any CPU
		{2FB22AFB-50B6-462C-9973-D2E8E78AA82D}.Release|Any CPU.ActiveCfg = Release|Any CPU
		{2FB22AFB-50B6-462C-9973-D2E8E78AA82D}.Release|Any CPU.Build.0 = Release|Any CPU
	EndGlobalSection
	GlobalSection(SolutionProperties) = preSolution
		HideSolutionNode = FALSE
	EndGlobalSection
	GlobalSection(ExtensibilityGlobals) = postSolution
		SolutionGuid = {A0161417-539F-429F-B7B9-489C73BE5649}
	EndGlobalSection
EndGlobal
